
Microsoft Visual Studio Solution File, Format Version 12.00
# Visual Studio Version 17
VisualStudioVersion = 17.10.34928.147
MinimumVisualStudioVersion = 10.0.40219.1
Project("{FAE04EC0-301F-11D3-BF4B-00C04F79EFBC}") = "bai11", "bai11\bai11.csproj", "{92F85DB0-E8B7-469E-8E6A-50F0D1FE1A61}"
EndProject
Global
	GlobalSection(SolutionConfigurationPlatforms) = preSolution
		Debug|Any CPU = Debug|Any CPU
		Release|Any CPU = Release|Any CPU
	EndGlobalSection
	GlobalSection(ProjectConfigurationPlatforms) = postSolution
		{92F85DB0-E8B7-469E-8E6A-50F0D1FE1A61}.Debug|Any CPU.ActiveCfg = Debug|Any CPU
		{92F85DB0-E8B7-469E-8E6A-50F0D1FE1A61}.Debug|Any CPU.Build.0 = Debug|Any CPU
		{92F85DB0-E8B7-469E-8E6A-50F0D1FE1A61}.Release|Any CPU.ActiveCfg = Release|Any CPU
		{92F85DB0-E8B7-469E-8E6A-50F0D1FE1A61}.Release|Any CPU.Build.0 = Release|Any CPU
	EndGlobalSection
	GlobalSection(SolutionProperties) = preSolution
		HideSolutionNode = FALSE
	EndGlobalSection
	GlobalSection(ExtensibilityGlobals) = postSolution
		SolutionGuid = {1E3FCFD1-E4ED-41DD-BAF5-2241DDFD926F}
	EndGlobalSection
EndGlobal
